
Microsoft Visual Studio Solution File, Format Version 12.00
# Visual Studio Version 16
VisualStudioVersion = 16.0.29709.97
MinimumVisualStudioVersion = 10.0.40219.1
Project("{FAE04EC0-301F-11D3-BF4B-00C04F79EFBC}") = "GenericsLesson", "GenericsLesson\GenericsLesson.csproj", "{24738E06-A5D5-48DC-A1F3-45A0F96E378B}"
EndProject
Global
	GlobalSection(SolutionConfigurationPlatforms) = preSolution
		Debug|Any CPU = Debug|Any CPU
		Release|Any CPU = Release|Any CPU
	EndGlobalSection
	GlobalSection(ProjectConfigurationPlatforms) = postSolution
		{24738E06-A5D5-48DC-A1F3-45A0F96E378B}.Debug|Any CPU.ActiveCfg = Debug|Any CPU
		{24738E06-A5D5-48DC-A1F3-45A0F96E378B}.Debug|Any CPU.Build.0 = Debug|Any CPU
		{24738E06-A5D5-48DC-A1F3-45A0F96E378B}.Release|Any CPU.ActiveCfg = Release|Any CPU
		{24738E06-A5D5-48DC-A1F3-45A0F96E378B}.Release|Any CPU.Build.0 = Release|Any CPU
	EndGlobalSection
	GlobalSection(SolutionProperties) = preSolution
		HideSolutionNode = FALSE
	EndGlobalSection
	GlobalSection(ExtensibilityGlobals) = postSolution
		SolutionGuid = {DC11C666-33E6-4917-AEE9-E80D5BB36462}
	EndGlobalSection
EndGlobal
